
Microsoft Visual Studio Solution File, Format Version 12.00
# Visual Studio 15
VisualStudioVersion = 15.0.28010.2036
MinimumVisualStudioVersion = 10.0.40219.1
Project("{FAE04EC0-301F-11D3-BF4B-00C04F79EFBC}") = "Lab_6_Programm", "Lab_6_Programm\Lab_6_Programm.csproj", "{8E8FAE04-7DF6-40B2-9267-E5B52B77321C}"
EndProject
Project("{FAE04EC0-301F-11D3-BF4B-00C04F79EFBC}") = "UnitTestProject_Clock", "UnitTestProject_Clock\UnitTestProject_Clock.csproj", "{A35971B8-ACA7-41A0-AD85-654C2857060C}"
EndProject
Global
	GlobalSection(SolutionConfigurationPlatforms) = preSolution
		Debug|Any CPU = Debug|Any CPU
		Release|Any CPU = Release|Any CPU
	EndGlobalSection
	GlobalSection(ProjectConfigurationPlatforms) = postSolution
		{8E8FAE04-7DF6-40B2-9267-E5B52B77321C}.Debug|Any CPU.ActiveCfg = Debug|Any CPU
		{8E8FAE04-7DF6-40B2-9267-E5B52B77321C}.Debug|Any CPU.Build.0 = Debug|Any CPU
		{8E8FAE04-7DF6-40B2-9267-E5B52B77321C}.Release|Any CPU.ActiveCfg = Release|Any CPU
		{8E8FAE04-7DF6-40B2-9267-E5B52B77321C}.Release|Any CPU.Build.0 = Release|Any CPU
		{A35971B8-ACA7-41A0-AD85-654C2857060C}.Debug|Any CPU.ActiveCfg = Debug|Any CPU
		{A35971B8-ACA7-41A0-AD85-654C2857060C}.Debug|Any CPU.Build.0 = Debug|Any CPU
		{A35971B8-ACA7-41A0-AD85-654C2857060C}.Release|Any CPU.ActiveCfg = Release|Any CPU
		{A35971B8-ACA7-41A0-AD85-654C2857060C}.Release|Any CPU.Build.0 = Release|Any CPU
	EndGlobalSection
	GlobalSection(SolutionProperties) = preSolution
		HideSolutionNode = FALSE
	EndGlobalSection
	GlobalSection(ExtensibilityGlobals) = postSolution
		SolutionGuid = {8C100345-2FD6-47CC-A05B-32120EE56B91}
	EndGlobalSection
EndGlobal
